
Microsoft Visual Studio Solution File, Format Version 12.00
# Visual Studio Version 17
VisualStudioVersion = 17.3.32519.111
MinimumVisualStudioVersion = 10.0.40219.1
Project("{FAE04EC0-301F-11D3-BF4B-00C04F79EFBC}") = "PlexRichPresence.ViewModels.Test", "test\PlexRichPresence.ViewModels.Test\PlexRichPresence.ViewModels.Test.csproj", "{7225627E-56EB-4F08-8CAB-8C832A507657}"
EndProject
Project("{FAE04EC0-301F-11D3-BF4B-00C04F79EFBC}") = "PlexRichPresence.ViewModels", "src\PlexRichPresence.ViewModels\PlexRichPresence.ViewModels.csproj", "{159D97E7-313E-45F7-B8CC-07B461DBF5E4}"
EndProject
Project("{FAE04EC0-301F-11D3-BF4B-00C04F79EFBC}") = "PlexRichPresence.UI.Avalonia", "src\PlexRichPresence.UI.Avalonia\PlexRichPresence.UI.Avalonia.csproj", "{BD911207-F0EC-41AE-A1A9-BFC1AF906E08}"
EndProject
Project("{2150E333-8FDC-42A3-9474-1A3956D46DE8}") = "test", "test", "{21FCC632-1CE9-46D0-8982-968631B7E7BB}"
EndProject
Project("{FAE04EC0-301F-11D3-BF4B-00C04F79EFBC}") = "PlexRichPresence.UI.Avalonia.Tests", "test\PlexRichPresence.UI.Avalonia.Tests\PlexRichPresence.UI.Avalonia.Tests.csproj", "{DEB38FDC-3CB9-4DF7-989C-58FAC474EA6E}"
EndProject
Project("{FAE04EC0-301F-11D3-BF4B-00C04F79EFBC}") = "PlexRichPresence.PlexActivity", "src\PlexRichPresence.PlexActivity\PlexRichPresence.PlexActivity.csproj", "{F20B37CC-51D5-4FF2-868A-D824B24FAA5E}"
EndProject
Project("{FAE04EC0-301F-11D3-BF4B-00C04F79EFBC}") = "PlexRichPresence.PlexActivity.Tests", "test\PlexRichPresence.PlexActivity.Tests\PlexRichPresence.PlexActivity.Tests.csproj", "{0EEB732E-A4D0-49CA-8400-BAA904B5F876}"
EndProject
Project("{FAE04EC0-301F-11D3-BF4B-00C04F79EFBC}") = "PlexRichPresence.DiscordRichPresence", "src\PlexRichPresence.DiscordRichPresence\PlexRichPresence.DiscordRichPresence.csproj", "{B3BD62BC-387B-4089-B106-A32D665A614D}"
EndProject
Project("{FAE04EC0-301F-11D3-BF4B-00C04F79EFBC}") = "PlexRichPresence.DiscordRichPresence.Tests", "test\PlexRichPresence.DiscordRichPresence.Tests\PlexRichPresence.DiscordRichPresence.Tests.csproj", "{5172431C-B131-4514-860D-E9DB44D52CBB}"
EndProject
Project("{FAE04EC0-301F-11D3-BF4B-00C04F79EFBC}") = "PlexRichPresence.Tests.Common", "test\PlexRichPresence.Tests.Common\PlexRichPresence.Tests.Common.csproj", "{A72090A3-1393-4CDF-BDE3-ED6D4C7ECA15}"
EndProject
Project("{FAE04EC0-301F-11D3-BF4B-00C04F79EFBC}") = "PlexRichPresence.Core", "src\PlexRichPresence.Core\PlexRichPresence.Core.csproj", "{EBDFB0C1-6880-4D74-BCA6-4E4FF4B0A2D1}"
EndProject
Global
	GlobalSection(SolutionConfigurationPlatforms) = preSolution
		Debug|Any CPU = Debug|Any CPU
		Release|Any CPU = Release|Any CPU
	EndGlobalSection
	GlobalSection(ProjectConfigurationPlatforms) = postSolution
		{7225627E-56EB-4F08-8CAB-8C832A507657}.Debug|Any CPU.ActiveCfg = Debug|Any CPU
		{7225627E-56EB-4F08-8CAB-8C832A507657}.Debug|Any CPU.Build.0 = Debug|Any CPU
		{7225627E-56EB-4F08-8CAB-8C832A507657}.Release|Any CPU.ActiveCfg = Release|Any CPU
		{7225627E-56EB-4F08-8CAB-8C832A507657}.Release|Any CPU.Build.0 = Release|Any CPU
		{159D97E7-313E-45F7-B8CC-07B461DBF5E4}.Debug|Any CPU.ActiveCfg = Debug|Any CPU
		{159D97E7-313E-45F7-B8CC-07B461DBF5E4}.Debug|Any CPU.Build.0 = Debug|Any CPU
		{159D97E7-313E-45F7-B8CC-07B461DBF5E4}.Release|Any CPU.ActiveCfg = Release|Any CPU
		{159D97E7-313E-45F7-B8CC-07B461DBF5E4}.Release|Any CPU.Build.0 = Release|Any CPU
		{BD911207-F0EC-41AE-A1A9-BFC1AF906E08}.Debug|Any CPU.ActiveCfg = Debug|Any CPU
		{BD911207-F0EC-41AE-A1A9-BFC1AF906E08}.Debug|Any CPU.Build.0 = Debug|Any CPU
		{BD911207-F0EC-41AE-A1A9-BFC1AF906E08}.Release|Any CPU.ActiveCfg = Release|Any CPU
		{BD911207-F0EC-41AE-A1A9-BFC1AF906E08}.Release|Any CPU.Build.0 = Release|Any CPU
		{DEB38FDC-3CB9-4DF7-989C-58FAC474EA6E}.Debug|Any CPU.ActiveCfg = Debug|Any CPU
		{DEB38FDC-3CB9-4DF7-989C-58FAC474EA6E}.Debug|Any CPU.Build.0 = Debug|Any CPU
		{DEB38FDC-3CB9-4DF7-989C-58FAC474EA6E}.Release|Any CPU.ActiveCfg = Release|Any CPU
		{DEB38FDC-3CB9-4DF7-989C-58FAC474EA6E}.Release|Any CPU.Build.0 = Release|Any CPU
		{F20B37CC-51D5-4FF2-868A-D824B24FAA5E}.Debug|Any CPU.ActiveCfg = Debug|Any CPU
		{F20B37CC-51D5-4FF2-868A-D824B24FAA5E}.Debug|Any CPU.Build.0 = Debug|Any CPU
		{F20B37CC-51D5-4FF2-868A-D824B24FAA5E}.Release|Any CPU.ActiveCfg = Release|Any CPU
		{F20B37CC-51D5-4FF2-868A-D824B24FAA5E}.Release|Any CPU.Build.0 = Release|Any CPU
		{0EEB732E-A4D0-49CA-8400-BAA904B5F876}.Debug|Any CPU.ActiveCfg = Debug|Any CPU
		{0EEB732E-A4D0-49CA-8400-BAA904B5F876}.Debug|Any CPU.Build.0 = Debug|Any CPU
		{0EEB732E-A4D0-49CA-8400-BAA904B5F876}.Release|Any CPU.ActiveCfg = Release|Any CPU
		{0EEB732E-A4D0-49CA-8400-BAA904B5F876}.Release|Any CPU.Build.0 = Release|Any CPU
		{B3BD62BC-387B-4089-B106-A32D665A614D}.Debug|Any CPU.ActiveCfg = Debug|Any CPU
		{B3BD62BC-387B-4089-B106-A32D665A614D}.Debug|Any CPU.Build.0 = Debug|Any CPU
		{B3BD62BC-387B-4089-B106-A32D665A614D}.Release|Any CPU.ActiveCfg = Release|Any CPU
		{B3BD62BC-387B-4089-B106-A32D665A614D}.Release|Any CPU.Build.0 = Release|Any CPU
		{5172431C-B131-4514-860D-E9DB44D52CBB}.Debug|Any CPU.ActiveCfg = Debug|Any CPU
		{5172431C-B131-4514-860D-E9DB44D52CBB}.Debug|Any CPU.Build.0 = Debug|Any CPU
		{5172431C-B131-4514-860D-E9DB44D52CBB}.Release|Any CPU.ActiveCfg = Release|Any CPU
		{5172431C-B131-4514-860D-E9DB44D52CBB}.Release|Any CPU.Build.0 = Release|Any CPU
		{A72090A3-1393-4CDF-BDE3-ED6D4C7ECA15}.Debug|Any CPU.ActiveCfg = Debug|Any CPU
		{A72090A3-1393-4CDF-BDE3-ED6D4C7ECA15}.Debug|Any CPU.Build.0 = Debug|Any CPU
		{A72090A3-1393-4CDF-BDE3-ED6D4C7ECA15}.Release|Any CPU.ActiveCfg = Release|Any CPU
		{A72090A3-1393-4CDF-BDE3-ED6D4C7ECA15}.Release|Any CPU.Build.0 = Release|Any CPU
		{EBDFB0C1-6880-4D74-BCA6-4E4FF4B0A2D1}.Debug|Any CPU.ActiveCfg = Debug|Any CPU
		{EBDFB0C1-6880-4D74-BCA6-4E4FF4B0A2D1}.Debug|Any CPU.Build.0 = Debug|Any CPU
		{EBDFB0C1-6880-4D74-BCA6-4E4FF4B0A2D1}.Release|Any CPU.ActiveCfg = Release|Any CPU
		{EBDFB0C1-6880-4D74-BCA6-4E4FF4B0A2D1}.Release|Any CPU.Build.0 = Release|Any CPU
	EndGlobalSection
	GlobalSection(SolutionProperties) = preSolution
		HideSolutionNode = FALSE
	EndGlobalSection
	GlobalSection(ExtensibilityGlobals) = postSolution
		SolutionGuid = {B4ED64C9-496E-43D8-98D7-E56876BC6910}
	EndGlobalSection
	GlobalSection(NestedProjects) = preSolution
		{DEB38FDC-3CB9-4DF7-989C-58FAC474EA6E} = {21FCC632-1CE9-46D0-8982-968631B7E7BB}
	EndGlobalSection
EndGlobal
